// !$*UTF8*$!
{
	archiveVersion = 1;
	classes = {
	};
	objectVersion = 46;
	objects = {

/* Begin PBXBuildFile section */
		584110071ABA5AE9003419BB /* RoundLogic.swift in Sources */ = {isa = PBXBuildFile; fileRef = 584110061ABA5AE9003419BB /* RoundLogic.swift */; };
		58483F731AA7ED0600993148 /* Parse.framework in Frameworks */ = {isa = PBXBuildFile; fileRef = 58483F721AA7ED0600993148 /* Parse.framework */; };
		585344331AAE626D00F41D51 /* UserLogic.swift in Sources */ = {isa = PBXBuildFile; fileRef = 585344321AAE626D00F41D51 /* UserLogic.swift */; };
		5855875C1AD34BAE003DBA84 /* bkground.png in Resources */ = {isa = PBXBuildFile; fileRef = 5855875B1AD34BAE003DBA84 /* bkground.png */; };
		585DB18E1ABB95CA00D5F009 /* GameLogic.swift in Sources */ = {isa = PBXBuildFile; fileRef = 585DB18D1ABB95CA00D5F009 /* GameLogic.swift */; };
		585ECC991AB11C5C00227AEC /* MyGamesViewController.swift in Sources */ = {isa = PBXBuildFile; fileRef = 585ECC981AB11C5C00227AEC /* MyGamesViewController.swift */; };
		5861AA131AD6024000BE0973 /* libAppLovinSdk.a in Frameworks */ = {isa = PBXBuildFile; fileRef = 5861AA121AD6024000BE0973 /* libAppLovinSdk.a */; };
		5861AA151AD6027800BE0973 /* AdSupport.framework in Frameworks */ = {isa = PBXBuildFile; fileRef = 5861AA141AD6027800BE0973 /* AdSupport.framework */; };
		5861AA171AD6027E00BE0973 /* AVFoundation.framework in Frameworks */ = {isa = PBXBuildFile; fileRef = 5861AA161AD6027E00BE0973 /* AVFoundation.framework */; };
		5861AA191AD6028500BE0973 /* CoreTelephony.framework in Frameworks */ = {isa = PBXBuildFile; fileRef = 5861AA181AD6028500BE0973 /* CoreTelephony.framework */; };
		5861AA1B1AD6028D00BE0973 /* CoreMedia.framework in Frameworks */ = {isa = PBXBuildFile; fileRef = 5861AA1A1AD6028D00BE0973 /* CoreMedia.framework */; };
		5861AA1D1AD6029400BE0973 /* MediaPlayer.framework in Frameworks */ = {isa = PBXBuildFile; fileRef = 5861AA1C1AD6029400BE0973 /* MediaPlayer.framework */; };
		5861AA1F1AD6029E00BE0973 /* UIKit.framework in Frameworks */ = {isa = PBXBuildFile; fileRef = 5861AA1E1AD6029E00BE0973 /* UIKit.framework */; };
		5861AA211AD605D900BE0973 /* Twitter.framework in Frameworks */ = {isa = PBXBuildFile; fileRef = 5861AA201AD605D900BE0973 /* Twitter.framework */; };
		5861AA231AD605F800BE0973 /* Accounts.framework in Frameworks */ = {isa = PBXBuildFile; fileRef = 5861AA221AD605F800BE0973 /* Accounts.framework */; };
		5861AA251AD6061700BE0973 /* AssetsLibrary.framework in Frameworks */ = {isa = PBXBuildFile; fileRef = 5861AA241AD6061700BE0973 /* AssetsLibrary.framework */; };
		5861AA271AD6068800BE0973 /* Social.framework in Frameworks */ = {isa = PBXBuildFile; fileRef = 5861AA261AD6068800BE0973 /* Social.framework */; };
		5866CD061AAFD9C000FCD07A /* MainMenuViewController.swift in Sources */ = {isa = PBXBuildFile; fileRef = 5866CD051AAFD9C000FCD07A /* MainMenuViewController.swift */; };
		587DAF8D1AA7EDA8005960FD /* Bolts.framework in Frameworks */ = {isa = PBXBuildFile; fileRef = 587DAF8C1AA7EDA8005960FD /* Bolts.framework */; };
		587DAF991AA7EE17005960FD /* AudioToolbox.framework in Frameworks */ = {isa = PBXBuildFile; fileRef = 587DAF8E1AA7EE17005960FD /* AudioToolbox.framework */; };
		587DAF9A1AA7EE17005960FD /* CFNetwork.framework in Frameworks */ = {isa = PBXBuildFile; fileRef = 587DAF8F1AA7EE17005960FD /* CFNetwork.framework */; };
		587DAF9B1AA7EE17005960FD /* CoreGraphics.framework in Frameworks */ = {isa = PBXBuildFile; fileRef = 587DAF901AA7EE17005960FD /* CoreGraphics.framework */; };
		587DAF9C1AA7EE17005960FD /* CoreLocation.framework in Frameworks */ = {isa = PBXBuildFile; fileRef = 587DAF911AA7EE17005960FD /* CoreLocation.framework */; };
		587DAF9D1AA7EE17005960FD /* libsqlite3.dylib in Frameworks */ = {isa = PBXBuildFile; fileRef = 587DAF921AA7EE17005960FD /* libsqlite3.dylib */; };
		587DAF9E1AA7EE17005960FD /* libz.dylib in Frameworks */ = {isa = PBXBuildFile; fileRef = 587DAF931AA7EE17005960FD /* libz.dylib */; };
		587DAF9F1AA7EE17005960FD /* MobileCoreServices.framework in Frameworks */ = {isa = PBXBuildFile; fileRef = 587DAF941AA7EE17005960FD /* MobileCoreServices.framework */; };
		587DAFA01AA7EE17005960FD /* QuartzCore.framework in Frameworks */ = {isa = PBXBuildFile; fileRef = 587DAF951AA7EE17005960FD /* QuartzCore.framework */; };
		587DAFA11AA7EE17005960FD /* Security.framework in Frameworks */ = {isa = PBXBuildFile; fileRef = 587DAF961AA7EE17005960FD /* Security.framework */; };
		587DAFA21AA7EE17005960FD /* StoreKit.framework in Frameworks */ = {isa = PBXBuildFile; fileRef = 587DAF971AA7EE17005960FD /* StoreKit.framework */; };
		587DAFA31AA7EE17005960FD /* SystemConfiguration.framework in Frameworks */ = {isa = PBXBuildFile; fileRef = 587DAF981AA7EE17005960FD /* SystemConfiguration.framework */; };
		587DAFA91AA7F47D005960FD /* RegisterViewController.swift in Sources */ = {isa = PBXBuildFile; fileRef = 587DAFA81AA7F47D005960FD /* RegisterViewController.swift */; };
		5882B22D1AA3944E0062F58C /* AppDelegate.swift in Sources */ = {isa = PBXBuildFile; fileRef = 5882B22C1AA3944E0062F58C /* AppDelegate.swift */; };
		5882B2311AA3944E0062F58C /* GameScene.swift in Sources */ = {isa = PBXBuildFile; fileRef = 5882B2301AA3944E0062F58C /* GameScene.swift */; };
		5882B2331AA3944E0062F58C /* GameViewController.swift in Sources */ = {isa = PBXBuildFile; fileRef = 5882B2321AA3944E0062F58C /* GameViewController.swift */; };
		5882B2361AA3944E0062F58C /* Main.storyboard in Resources */ = {isa = PBXBuildFile; fileRef = 5882B2341AA3944E0062F58C /* Main.storyboard */; };
		5882B2381AA3944E0062F58C /* Images.xcassets in Resources */ = {isa = PBXBuildFile; fileRef = 5882B2371AA3944E0062F58C /* Images.xcassets */; };
		5882B23B1AA3944E0062F58C /* LaunchScreen.xib in Resources */ = {isa = PBXBuildFile; fileRef = 5882B2391AA3944E0062F58C /* LaunchScreen.xib */; };
		5882B2471AA3944E0062F58C /* Brain_TwistTests.swift in Sources */ = {isa = PBXBuildFile; fileRef = 5882B2461AA3944E0062F58C /* Brain_TwistTests.swift */; };
		5882B2521AA396DC0062F58C /* Game.swift in Sources */ = {isa = PBXBuildFile; fileRef = 5882B2511AA396DC0062F58C /* Game.swift */; };
		5882B2541AA398EF0062F58C /* Square.swift in Sources */ = {isa = PBXBuildFile; fileRef = 5882B2531AA398EF0062F58C /* Square.swift */; };
		5882B25A1AA3BBFD0062F58C /* Constants.swift in Sources */ = {isa = PBXBuildFile; fileRef = 5882B2591AA3BBFD0062F58C /* Constants.swift */; };
		5882B25C1AA407450062F58C /* Round.swift in Sources */ = {isa = PBXBuildFile; fileRef = 5882B25B1AA407450062F58C /* Round.swift */; };
		58B6C9A31AE0775800CEFF9B /* CoreText.framework in Frameworks */ = {isa = PBXBuildFile; fileRef = 58B6C9A21AE0775800CEFF9B /* CoreText.framework */; };
		58B6C9A51AE0775F00CEFF9B /* QuickLook.framework in Frameworks */ = {isa = PBXBuildFile; fileRef = 58B6C9A41AE0775F00CEFF9B /* QuickLook.framework */; };
		58B6C9A91AE078CF00CEFF9B /* HockeySDK.framework in Frameworks */ = {isa = PBXBuildFile; fileRef = 58B6C9A81AE078CF00CEFF9B /* HockeySDK.framework */; };
		58C69B031ACB748A001817C9 /* MainTextField.swift in Sources */ = {isa = PBXBuildFile; fileRef = 58C69B021ACB748A001817C9 /* MainTextField.swift */; };
		58C69B051ACB862D001817C9 /* MyTabBarController.swift in Sources */ = {isa = PBXBuildFile; fileRef = 58C69B041ACB862D001817C9 /* MyTabBarController.swift */; };
		58C69B071ACB892B001817C9 /* HomeViewController.swift in Sources */ = {isa = PBXBuildFile; fileRef = 58C69B061ACB892B001817C9 /* HomeViewController.swift */; };
		58C69CA71ACB8D84001817C9 /* game.png in Resources */ = {isa = PBXBuildFile; fileRef = 58C69CA51ACB8D84001817C9 /* game.png */; };
		58C69CA81ACB8D84001817C9 /* home.png in Resources */ = {isa = PBXBuildFile; fileRef = 58C69CA61ACB8D84001817C9 /* home.png */; };
		58CF876C1AD204EB005B2896 /* finishedgames.png in Resources */ = {isa = PBXBuildFile; fileRef = 58CF876B1AD204EB005B2896 /* finishedgames.png */; };
		58CF87701AD209B4005B2896 /* settings.png in Resources */ = {isa = PBXBuildFile; fileRef = 58CF876F1AD209B4005B2896 /* settings.png */; };
		58CF87741AD2142A005B2896 /* plus-simple-7.png in Resources */ = {isa = PBXBuildFile; fileRef = 58CF87731AD2142A005B2896 /* plus-simple-7.png */; };
		58CF87761AD21B46005B2896 /* coin.png in Resources */ = {isa = PBXBuildFile; fileRef = 58CF87751AD21B46005B2896 /* coin.png */; };
/* End PBXBuildFile section */

/* Begin PBXContainerItemProxy section */
		5882B2411AA3944E0062F58C /* PBXContainerItemProxy */ = {
			isa = PBXContainerItemProxy;
			containerPortal = 5882B21F1AA3944E0062F58C /* Project object */;
			proxyType = 1;
			remoteGlobalIDString = 5882B2261AA3944E0062F58C;
			remoteInfo = "Brain Twist";
		};
/* End PBXContainerItemProxy section */

/* Begin PBXFileReference section */
		584110061ABA5AE9003419BB /* RoundLogic.swift */ = {isa = PBXFileReference; fileEncoding = 4; lastKnownFileType = sourcecode.swift; path = RoundLogic.swift; sourceTree = "<group>"; };
		58483F721AA7ED0600993148 /* Parse.framework */ = {isa = PBXFileReference; lastKnownFileType = wrapper.framework; path = Parse.framework; sourceTree = "<group>"; };
		585344321AAE626D00F41D51 /* UserLogic.swift */ = {isa = PBXFileReference; fileEncoding = 4; lastKnownFileType = sourcecode.swift; path = UserLogic.swift; sourceTree = "<group>"; };
		5855875B1AD34BAE003DBA84 /* bkground.png */ = {isa = PBXFileReference; lastKnownFileType = image.png; path = bkground.png; sourceTree = "<group>"; };
		585DB18D1ABB95CA00D5F009 /* GameLogic.swift */ = {isa = PBXFileReference; fileEncoding = 4; lastKnownFileType = sourcecode.swift; path = GameLogic.swift; sourceTree = "<group>"; };
		585ECC981AB11C5C00227AEC /* MyGamesViewController.swift */ = {isa = PBXFileReference; fileEncoding = 4; lastKnownFileType = sourcecode.swift; path = MyGamesViewController.swift; sourceTree = "<group>"; };
		5861AA011AD6024000BE0973 /* ALAd.h */ = {isa = PBXFileReference; fileEncoding = 4; lastKnownFileType = sourcecode.c.h; path = ALAd.h; sourceTree = "<group>"; };
		5861AA021AD6024000BE0973 /* ALAdDisplayDelegate.h */ = {isa = PBXFileReference; fileEncoding = 4; lastKnownFileType = sourcecode.c.h; path = ALAdDisplayDelegate.h; sourceTree = "<group>"; };
		5861AA031AD6024000BE0973 /* ALAdLoadDelegate.h */ = {isa = PBXFileReference; fileEncoding = 4; lastKnownFileType = sourcecode.c.h; path = ALAdLoadDelegate.h; sourceTree = "<group>"; };
		5861AA041AD6024000BE0973 /* ALAdRewardDelegate.h */ = {isa = PBXFileReference; fileEncoding = 4; lastKnownFileType = sourcecode.c.h; path = ALAdRewardDelegate.h; sourceTree = "<group>"; };
		5861AA051AD6024000BE0973 /* ALAdService.h */ = {isa = PBXFileReference; fileEncoding = 4; lastKnownFileType = sourcecode.c.h; path = ALAdService.h; sourceTree = "<group>"; };
		5861AA061AD6024000BE0973 /* ALAdSize.h */ = {isa = PBXFileReference; fileEncoding = 4; lastKnownFileType = sourcecode.c.h; path = ALAdSize.h; sourceTree = "<group>"; };
		5861AA071AD6024000BE0973 /* ALAdType.h */ = {isa = PBXFileReference; fileEncoding = 4; lastKnownFileType = sourcecode.c.h; path = ALAdType.h; sourceTree = "<group>"; };
		5861AA081AD6024000BE0973 /* ALAdUpdateDelegate.h */ = {isa = PBXFileReference; fileEncoding = 4; lastKnownFileType = sourcecode.c.h; path = ALAdUpdateDelegate.h; sourceTree = "<group>"; };
		5861AA091AD6024000BE0973 /* ALAdVideoPlaybackDelegate.h */ = {isa = PBXFileReference; fileEncoding = 4; lastKnownFileType = sourcecode.c.h; path = ALAdVideoPlaybackDelegate.h; sourceTree = "<group>"; };
		5861AA0A1AD6024000BE0973 /* ALAdView.h */ = {isa = PBXFileReference; fileEncoding = 4; lastKnownFileType = sourcecode.c.h; path = ALAdView.h; sourceTree = "<group>"; };
		5861AA0B1AD6024000BE0973 /* ALErrorCodes.h */ = {isa = PBXFileReference; fileEncoding = 4; lastKnownFileType = sourcecode.c.h; path = ALErrorCodes.h; sourceTree = "<group>"; };
		5861AA0C1AD6024000BE0973 /* ALIncentivizedInterstitialAd.h */ = {isa = PBXFileReference; fileEncoding = 4; lastKnownFileType = sourcecode.c.h; path = ALIncentivizedInterstitialAd.h; sourceTree = "<group>"; };
		5861AA0D1AD6024000BE0973 /* ALInterstitialAd.h */ = {isa = PBXFileReference; fileEncoding = 4; lastKnownFileType = sourcecode.c.h; path = ALInterstitialAd.h; sourceTree = "<group>"; };
		5861AA0E1AD6024000BE0973 /* ALSdk.h */ = {isa = PBXFileReference; fileEncoding = 4; lastKnownFileType = sourcecode.c.h; path = ALSdk.h; sourceTree = "<group>"; };
		5861AA0F1AD6024000BE0973 /* ALSdkSettings.h */ = {isa = PBXFileReference; fileEncoding = 4; lastKnownFileType = sourcecode.c.h; path = ALSdkSettings.h; sourceTree = "<group>"; };
		5861AA101AD6024000BE0973 /* ALSwiftHeaders.h */ = {isa = PBXFileReference; fileEncoding = 4; lastKnownFileType = sourcecode.c.h; path = ALSwiftHeaders.h; sourceTree = "<group>"; };
		5861AA111AD6024000BE0973 /* ALTargetingData.h */ = {isa = PBXFileReference; fileEncoding = 4; lastKnownFileType = sourcecode.c.h; path = ALTargetingData.h; sourceTree = "<group>"; };
		5861AA121AD6024000BE0973 /* libAppLovinSdk.a */ = {isa = PBXFileReference; lastKnownFileType = archive.ar; path = libAppLovinSdk.a; sourceTree = "<group>"; };
		5861AA141AD6027800BE0973 /* AdSupport.framework */ = {isa = PBXFileReference; lastKnownFileType = wrapper.framework; name = AdSupport.framework; path = System/Library/Frameworks/AdSupport.framework; sourceTree = SDKROOT; };
		5861AA161AD6027E00BE0973 /* AVFoundation.framework */ = {isa = PBXFileReference; lastKnownFileType = wrapper.framework; name = AVFoundation.framework; path = System/Library/Frameworks/AVFoundation.framework; sourceTree = SDKROOT; };
		5861AA181AD6028500BE0973 /* CoreTelephony.framework */ = {isa = PBXFileReference; lastKnownFileType = wrapper.framework; name = CoreTelephony.framework; path = System/Library/Frameworks/CoreTelephony.framework; sourceTree = SDKROOT; };
		5861AA1A1AD6028D00BE0973 /* CoreMedia.framework */ = {isa = PBXFileReference; lastKnownFileType = wrapper.framework; name = CoreMedia.framework; path = System/Library/Frameworks/CoreMedia.framework; sourceTree = SDKROOT; };
		5861AA1C1AD6029400BE0973 /* MediaPlayer.framework */ = {isa = PBXFileReference; lastKnownFileType = wrapper.framework; name = MediaPlayer.framework; path = System/Library/Frameworks/MediaPlayer.framework; sourceTree = SDKROOT; };
		5861AA1E1AD6029E00BE0973 /* UIKit.framework */ = {isa = PBXFileReference; lastKnownFileType = wrapper.framework; name = UIKit.framework; path = System/Library/Frameworks/UIKit.framework; sourceTree = SDKROOT; };
		5861AA201AD605D900BE0973 /* Twitter.framework */ = {isa = PBXFileReference; lastKnownFileType = wrapper.framework; name = Twitter.framework; path = System/Library/Frameworks/Twitter.framework; sourceTree = SDKROOT; };
		5861AA221AD605F800BE0973 /* Accounts.framework */ = {isa = PBXFileReference; lastKnownFileType = wrapper.framework; name = Accounts.framework; path = System/Library/Frameworks/Accounts.framework; sourceTree = SDKROOT; };
		5861AA241AD6061700BE0973 /* AssetsLibrary.framework */ = {isa = PBXFileReference; lastKnownFileType = wrapper.framework; name = AssetsLibrary.framework; path = System/Library/Frameworks/AssetsLibrary.framework; sourceTree = SDKROOT; };
		5861AA261AD6068800BE0973 /* Social.framework */ = {isa = PBXFileReference; lastKnownFileType = wrapper.framework; name = Social.framework; path = System/Library/Frameworks/Social.framework; sourceTree = SDKROOT; };
		5866CD051AAFD9C000FCD07A /* MainMenuViewController.swift */ = {isa = PBXFileReference; fileEncoding = 4; lastKnownFileType = sourcecode.swift; path = MainMenuViewController.swift; sourceTree = "<group>"; };
		587DAF8C1AA7EDA8005960FD /* Bolts.framework */ = {isa = PBXFileReference; lastKnownFileType = wrapper.framework; path = Bolts.framework; sourceTree = "<group>"; };
		587DAF8E1AA7EE17005960FD /* AudioToolbox.framework */ = {isa = PBXFileReference; lastKnownFileType = wrapper.framework; name = AudioToolbox.framework; path = System/Library/Frameworks/AudioToolbox.framework; sourceTree = SDKROOT; };
		587DAF8F1AA7EE17005960FD /* CFNetwork.framework */ = {isa = PBXFileReference; lastKnownFileType = wrapper.framework; name = CFNetwork.framework; path = System/Library/Frameworks/CFNetwork.framework; sourceTree = SDKROOT; };
		587DAF901AA7EE17005960FD /* CoreGraphics.framework */ = {isa = PBXFileReference; lastKnownFileType = wrapper.framework; name = CoreGraphics.framework; path = System/Library/Frameworks/CoreGraphics.framework; sourceTree = SDKROOT; };
		587DAF911AA7EE17005960FD /* CoreLocation.framework */ = {isa = PBXFileReference; lastKnownFileType = wrapper.framework; name = CoreLocation.framework; path = System/Library/Frameworks/CoreLocation.framework; sourceTree = SDKROOT; };
		587DAF921AA7EE17005960FD /* libsqlite3.dylib */ = {isa = PBXFileReference; lastKnownFileType = "compiled.mach-o.dylib"; name = libsqlite3.dylib; path = usr/lib/libsqlite3.dylib; sourceTree = SDKROOT; };
		587DAF931AA7EE17005960FD /* libz.dylib */ = {isa = PBXFileReference; lastKnownFileType = "compiled.mach-o.dylib"; name = libz.dylib; path = usr/lib/libz.dylib; sourceTree = SDKROOT; };
		587DAF941AA7EE17005960FD /* MobileCoreServices.framework */ = {isa = PBXFileReference; lastKnownFileType = wrapper.framework; name = MobileCoreServices.framework; path = System/Library/Frameworks/MobileCoreServices.framework; sourceTree = SDKROOT; };
		587DAF951AA7EE17005960FD /* QuartzCore.framework */ = {isa = PBXFileReference; lastKnownFileType = wrapper.framework; name = QuartzCore.framework; path = System/Library/Frameworks/QuartzCore.framework; sourceTree = SDKROOT; };
		587DAF961AA7EE17005960FD /* Security.framework */ = {isa = PBXFileReference; lastKnownFileType = wrapper.framework; name = Security.framework; path = System/Library/Frameworks/Security.framework; sourceTree = SDKROOT; };
		587DAF971AA7EE17005960FD /* StoreKit.framework */ = {isa = PBXFileReference; lastKnownFileType = wrapper.framework; name = StoreKit.framework; path = System/Library/Frameworks/StoreKit.framework; sourceTree = SDKROOT; };
		587DAF981AA7EE17005960FD /* SystemConfiguration.framework */ = {isa = PBXFileReference; lastKnownFileType = wrapper.framework; name = SystemConfiguration.framework; path = System/Library/Frameworks/SystemConfiguration.framework; sourceTree = SDKROOT; };
		587DAFA41AA7EE3F005960FD /* Brain Twist-Bridging-Header.h */ = {isa = PBXFileReference; lastKnownFileType = sourcecode.c.h; path = "Brain Twist-Bridging-Header.h"; sourceTree = "<group>"; };
		587DAFA81AA7F47D005960FD /* RegisterViewController.swift */ = {isa = PBXFileReference; fileEncoding = 4; lastKnownFileType = sourcecode.swift; path = RegisterViewController.swift; sourceTree = "<group>"; };
		5882B2271AA3944E0062F58C /* Brain Twist.app */ = {isa = PBXFileReference; explicitFileType = wrapper.application; includeInIndex = 0; path = "Brain Twist.app"; sourceTree = BUILT_PRODUCTS_DIR; };
		5882B22B1AA3944E0062F58C /* Info.plist */ = {isa = PBXFileReference; lastKnownFileType = text.plist.xml; path = Info.plist; sourceTree = "<group>"; };
		5882B22C1AA3944E0062F58C /* AppDelegate.swift */ = {isa = PBXFileReference; lastKnownFileType = sourcecode.swift; path = AppDelegate.swift; sourceTree = "<group>"; };
		5882B2301AA3944E0062F58C /* GameScene.swift */ = {isa = PBXFileReference; lastKnownFileType = sourcecode.swift; path = GameScene.swift; sourceTree = "<group>"; };
		5882B2321AA3944E0062F58C /* GameViewController.swift */ = {isa = PBXFileReference; lastKnownFileType = sourcecode.swift; path = GameViewController.swift; sourceTree = "<group>"; };
		5882B2351AA3944E0062F58C /* Base */ = {isa = PBXFileReference; lastKnownFileType = file.storyboard; name = Base; path = Base.lproj/Main.storyboard; sourceTree = "<group>"; };
		5882B2371AA3944E0062F58C /* Images.xcassets */ = {isa = PBXFileReference; lastKnownFileType = folder.assetcatalog; path = Images.xcassets; sourceTree = "<group>"; };
		5882B23A1AA3944E0062F58C /* Base */ = {isa = PBXFileReference; lastKnownFileType = file.xib; name = Base; path = Base.lproj/LaunchScreen.xib; sourceTree = "<group>"; };
		5882B2401AA3944E0062F58C /* Brain TwistTests.xctest */ = {isa = PBXFileReference; explicitFileType = wrapper.cfbundle; includeInIndex = 0; path = "Brain TwistTests.xctest"; sourceTree = BUILT_PRODUCTS_DIR; };
		5882B2451AA3944E0062F58C /* Info.plist */ = {isa = PBXFileReference; lastKnownFileType = text.plist.xml; path = Info.plist; sourceTree = "<group>"; };
		5882B2461AA3944E0062F58C /* Brain_TwistTests.swift */ = {isa = PBXFileReference; lastKnownFileType = sourcecode.swift; path = Brain_TwistTests.swift; sourceTree = "<group>"; };
		5882B2511AA396DC0062F58C /* Game.swift */ = {isa = PBXFileReference; fileEncoding = 4; lastKnownFileType = sourcecode.swift; path = Game.swift; sourceTree = "<group>"; };
		5882B2531AA398EF0062F58C /* Square.swift */ = {isa = PBXFileReference; fileEncoding = 4; lastKnownFileType = sourcecode.swift; path = Square.swift; sourceTree = "<group>"; };
		5882B2591AA3BBFD0062F58C /* Constants.swift */ = {isa = PBXFileReference; fileEncoding = 4; lastKnownFileType = sourcecode.swift; path = Constants.swift; sourceTree = "<group>"; };
		5882B25B1AA407450062F58C /* Round.swift */ = {isa = PBXFileReference; fileEncoding = 4; lastKnownFileType = sourcecode.swift; path = Round.swift; sourceTree = "<group>"; };
		58B6C9A21AE0775800CEFF9B /* CoreText.framework */ = {isa = PBXFileReference; lastKnownFileType = wrapper.framework; name = CoreText.framework; path = System/Library/Frameworks/CoreText.framework; sourceTree = SDKROOT; };
		58B6C9A41AE0775F00CEFF9B /* QuickLook.framework */ = {isa = PBXFileReference; lastKnownFileType = wrapper.framework; name = QuickLook.framework; path = System/Library/Frameworks/QuickLook.framework; sourceTree = SDKROOT; };
		58B6C9A81AE078CF00CEFF9B /* HockeySDK.framework */ = {isa = PBXFileReference; lastKnownFileType = wrapper.framework; name = HockeySDK.framework; path = "HockeySDK-iOS/HockeySDK.embeddedframework/HockeySDK.framework"; sourceTree = "<group>"; };
		58C69B021ACB748A001817C9 /* MainTextField.swift */ = {isa = PBXFileReference; fileEncoding = 4; lastKnownFileType = sourcecode.swift; path = MainTextField.swift; sourceTree = "<group>"; };
		58C69B041ACB862D001817C9 /* MyTabBarController.swift */ = {isa = PBXFileReference; fileEncoding = 4; lastKnownFileType = sourcecode.swift; path = MyTabBarController.swift; sourceTree = "<group>"; };
		58C69B061ACB892B001817C9 /* HomeViewController.swift */ = {isa = PBXFileReference; fileEncoding = 4; lastKnownFileType = sourcecode.swift; path = HomeViewController.swift; sourceTree = "<group>"; };
		58C69CA51ACB8D84001817C9 /* game.png */ = {isa = PBXFileReference; lastKnownFileType = image.png; path = game.png; sourceTree = "<group>"; };
		58C69CA61ACB8D84001817C9 /* home.png */ = {isa = PBXFileReference; lastKnownFileType = image.png; path = home.png; sourceTree = "<group>"; };
		58CF876B1AD204EB005B2896 /* finishedgames.png */ = {isa = PBXFileReference; lastKnownFileType = image.png; path = finishedgames.png; sourceTree = "<group>"; };
		58CF876F1AD209B4005B2896 /* settings.png */ = {isa = PBXFileReference; lastKnownFileType = image.png; path = settings.png; sourceTree = "<group>"; };
		58CF87731AD2142A005B2896 /* plus-simple-7.png */ = {isa = PBXFileReference; lastKnownFileType = image.png; path = "plus-simple-7.png"; sourceTree = "<group>"; };
		58CF87751AD21B46005B2896 /* coin.png */ = {isa = PBXFileReference; lastKnownFileType = image.png; path = coin.png; sourceTree = "<group>"; };
/* End PBXFileReference section */

/* Begin PBXFrameworksBuildPhase section */
		5882B2241AA3944E0062F58C /* Frameworks */ = {
			isa = PBXFrameworksBuildPhase;
			buildActionMask = 2147483647;
			files = (
				58B6C9A51AE0775F00CEFF9B /* QuickLook.framework in Frameworks */,
				58B6C9A31AE0775800CEFF9B /* CoreText.framework in Frameworks */,
				5861AA271AD6068800BE0973 /* Social.framework in Frameworks */,
				5861AA251AD6061700BE0973 /* AssetsLibrary.framework in Frameworks */,
				5861AA231AD605F800BE0973 /* Accounts.framework in Frameworks */,
				5861AA211AD605D900BE0973 /* Twitter.framework in Frameworks */,
				5861AA1F1AD6029E00BE0973 /* UIKit.framework in Frameworks */,
				5861AA1D1AD6029400BE0973 /* MediaPlayer.framework in Frameworks */,
				5861AA1B1AD6028D00BE0973 /* CoreMedia.framework in Frameworks */,
				5861AA191AD6028500BE0973 /* CoreTelephony.framework in Frameworks */,
				5861AA171AD6027E00BE0973 /* AVFoundation.framework in Frameworks */,
				5861AA151AD6027800BE0973 /* AdSupport.framework in Frameworks */,
				587DAF991AA7EE17005960FD /* AudioToolbox.framework in Frameworks */,
				587DAF9A1AA7EE17005960FD /* CFNetwork.framework in Frameworks */,
				58B6C9A91AE078CF00CEFF9B /* HockeySDK.framework in Frameworks */,
				587DAF9B1AA7EE17005960FD /* CoreGraphics.framework in Frameworks */,
				587DAF9C1AA7EE17005960FD /* CoreLocation.framework in Frameworks */,
				587DAF9D1AA7EE17005960FD /* libsqlite3.dylib in Frameworks */,
				587DAF9E1AA7EE17005960FD /* libz.dylib in Frameworks */,
				587DAF9F1AA7EE17005960FD /* MobileCoreServices.framework in Frameworks */,
				5861AA131AD6024000BE0973 /* libAppLovinSdk.a in Frameworks */,
				587DAFA01AA7EE17005960FD /* QuartzCore.framework in Frameworks */,
				587DAFA11AA7EE17005960FD /* Security.framework in Frameworks */,
				587DAFA21AA7EE17005960FD /* StoreKit.framework in Frameworks */,
				587DAFA31AA7EE17005960FD /* SystemConfiguration.framework in Frameworks */,
				58483F731AA7ED0600993148 /* Parse.framework in Frameworks */,
				587DAF8D1AA7EDA8005960FD /* Bolts.framework in Frameworks */,
			);
			runOnlyForDeploymentPostprocessing = 0;
		};
		5882B23D1AA3944E0062F58C /* Frameworks */ = {
			isa = PBXFrameworksBuildPhase;
			buildActionMask = 2147483647;
			files = (
			);
			runOnlyForDeploymentPostprocessing = 0;
		};
/* End PBXFrameworksBuildPhase section */

/* Begin PBXGroup section */
		58483F711AA7EC9400993148 /* Frameworks */ = {
			isa = PBXGroup;
			children = (
				58B6C9A81AE078CF00CEFF9B /* HockeySDK.framework */,
				58B6C9A41AE0775F00CEFF9B /* QuickLook.framework */,
				58B6C9A21AE0775800CEFF9B /* CoreText.framework */,
				5861AA261AD6068800BE0973 /* Social.framework */,
				5861AA241AD6061700BE0973 /* AssetsLibrary.framework */,
				5861AA221AD605F800BE0973 /* Accounts.framework */,
				5861AA201AD605D900BE0973 /* Twitter.framework */,
				5861AA1E1AD6029E00BE0973 /* UIKit.framework */,
				5861AA1C1AD6029400BE0973 /* MediaPlayer.framework */,
				5861AA1A1AD6028D00BE0973 /* CoreMedia.framework */,
				5861AA181AD6028500BE0973 /* CoreTelephony.framework */,
				5861AA161AD6027E00BE0973 /* AVFoundation.framework */,
				5861AA141AD6027800BE0973 /* AdSupport.framework */,
				587DAF8E1AA7EE17005960FD /* AudioToolbox.framework */,
				587DAF8F1AA7EE17005960FD /* CFNetwork.framework */,
				587DAF901AA7EE17005960FD /* CoreGraphics.framework */,
				587DAF911AA7EE17005960FD /* CoreLocation.framework */,
				587DAF921AA7EE17005960FD /* libsqlite3.dylib */,
				587DAF931AA7EE17005960FD /* libz.dylib */,
				587DAF941AA7EE17005960FD /* MobileCoreServices.framework */,
				587DAF951AA7EE17005960FD /* QuartzCore.framework */,
				587DAF961AA7EE17005960FD /* Security.framework */,
				587DAF971AA7EE17005960FD /* StoreKit.framework */,
				587DAF981AA7EE17005960FD /* SystemConfiguration.framework */,
				587DAF8C1AA7EDA8005960FD /* Bolts.framework */,
				58483F721AA7ED0600993148 /* Parse.framework */,
			);
			name = Frameworks;
			sourceTree = "<group>";
		};
		5861A9FF1AD6024000BE0973 /* applovin-ios-sdk-2 */ = {
			isa = PBXGroup;
			children = (
				5861AA001AD6024000BE0973 /* headers */,
				5861AA121AD6024000BE0973 /* libAppLovinSdk.a */,
			);
			path = "applovin-ios-sdk-2";
			sourceTree = "<group>";
		};
		5861AA001AD6024000BE0973 /* headers */ = {
			isa = PBXGroup;
			children = (
				5861AA011AD6024000BE0973 /* ALAd.h */,
				5861AA021AD6024000BE0973 /* ALAdDisplayDelegate.h */,
				5861AA031AD6024000BE0973 /* ALAdLoadDelegate.h */,
				5861AA041AD6024000BE0973 /* ALAdRewardDelegate.h */,
				5861AA051AD6024000BE0973 /* ALAdService.h */,
				5861AA061AD6024000BE0973 /* ALAdSize.h */,
				5861AA071AD6024000BE0973 /* ALAdType.h */,
				5861AA081AD6024000BE0973 /* ALAdUpdateDelegate.h */,
				5861AA091AD6024000BE0973 /* ALAdVideoPlaybackDelegate.h */,
				5861AA0A1AD6024000BE0973 /* ALAdView.h */,
				5861AA0B1AD6024000BE0973 /* ALErrorCodes.h */,
				5861AA0C1AD6024000BE0973 /* ALIncentivizedInterstitialAd.h */,
				5861AA0D1AD6024000BE0973 /* ALInterstitialAd.h */,
				5861AA0E1AD6024000BE0973 /* ALSdk.h */,
				5861AA0F1AD6024000BE0973 /* ALSdkSettings.h */,
				5861AA101AD6024000BE0973 /* ALSwiftHeaders.h */,
				5861AA111AD6024000BE0973 /* ALTargetingData.h */,
			);
			path = headers;
			sourceTree = "<group>";
		};
		587DAFA71AA7F44C005960FD /* Controllers */ = {
			isa = PBXGroup;
			children = (
				587DAFA81AA7F47D005960FD /* RegisterViewController.swift */,
				5866CD051AAFD9C000FCD07A /* MainMenuViewController.swift */,
				585ECC981AB11C5C00227AEC /* MyGamesViewController.swift */,
				58C69B041ACB862D001817C9 /* MyTabBarController.swift */,
				58C69B061ACB892B001817C9 /* HomeViewController.swift */,
			);
			name = Controllers;
			sourceTree = "<group>";
		};
		5882B21E1AA3944E0062F58C = {
			isa = PBXGroup;
			children = (
				5861A9FF1AD6024000BE0973 /* applovin-ios-sdk-2 */,
				58483F711AA7EC9400993148 /* Frameworks */,
				5882B2291AA3944E0062F58C /* Brain Twist */,
				5882B2431AA3944E0062F58C /* Brain TwistTests */,
				5882B2281AA3944E0062F58C /* Products */,
			);
			sourceTree = "<group>";
		};
		5882B2281AA3944E0062F58C /* Products */ = {
			isa = PBXGroup;
			children = (
				5882B2271AA3944E0062F58C /* Brain Twist.app */,
				5882B2401AA3944E0062F58C /* Brain TwistTests.xctest */,
			);
			name = Products;
			sourceTree = "<group>";
		};
		5882B2291AA3944E0062F58C /* Brain Twist */ = {
			isa = PBXGroup;
			children = (
				58C69B081ACB8A92001817C9 /* Images */,
				58C69B011ACB746E001817C9 /* Controls */,
				587DAFA71AA7F44C005960FD /* Controllers */,
				5882B2581AA3BBEF0062F58C /* Logic */,
				5882B2551AA3A6220062F58C /* Scenes */,
				5882B2501AA396CF0062F58C /* GameObjects */,
				5882B22C1AA3944E0062F58C /* AppDelegate.swift */,
				5882B2321AA3944E0062F58C /* GameViewController.swift */,
				5882B2341AA3944E0062F58C /* Main.storyboard */,
				5882B2371AA3944E0062F58C /* Images.xcassets */,
				5882B2391AA3944E0062F58C /* LaunchScreen.xib */,
				5882B22A1AA3944E0062F58C /* Supporting Files */,
				587DAFA41AA7EE3F005960FD /* Brain Twist-Bridging-Header.h */,
			);
			path = "Brain Twist";
			sourceTree = "<group>";
		};
		5882B22A1AA3944E0062F58C /* Supporting Files */ = {
			isa = PBXGroup;
			children = (
				5882B22B1AA3944E0062F58C /* Info.plist */,
			);
			name = "Supporting Files";
			sourceTree = "<group>";
		};
		5882B2431AA3944E0062F58C /* Brain TwistTests */ = {
			isa = PBXGroup;
			children = (
				5882B2461AA3944E0062F58C /* Brain_TwistTests.swift */,
				5882B2441AA3944E0062F58C /* Supporting Files */,
			);
			path = "Brain TwistTests";
			sourceTree = "<group>";
		};
		5882B2441AA3944E0062F58C /* Supporting Files */ = {
			isa = PBXGroup;
			children = (
				5882B2451AA3944E0062F58C /* Info.plist */,
			);
			name = "Supporting Files";
			sourceTree = "<group>";
		};
		5882B2501AA396CF0062F58C /* GameObjects */ = {
			isa = PBXGroup;
			children = (
				5882B2511AA396DC0062F58C /* Game.swift */,
				5882B2531AA398EF0062F58C /* Square.swift */,
				5882B25B1AA407450062F58C /* Round.swift */,
			);
			name = GameObjects;
			sourceTree = "<group>";
		};
		5882B2551AA3A6220062F58C /* Scenes */ = {
			isa = PBXGroup;
			children = (
				5882B2301AA3944E0062F58C /* GameScene.swift */,
			);
			name = Scenes;
			sourceTree = "<group>";
		};
		5882B2581AA3BBEF0062F58C /* Logic */ = {
			isa = PBXGroup;
			children = (
				5882B2591AA3BBFD0062F58C /* Constants.swift */,
				585344321AAE626D00F41D51 /* UserLogic.swift */,
				584110061ABA5AE9003419BB /* RoundLogic.swift */,
				585DB18D1ABB95CA00D5F009 /* GameLogic.swift */,
			);
			name = Logic;
			sourceTree = "<group>";
		};
		58C69B011ACB746E001817C9 /* Controls */ = {
			isa = PBXGroup;
			children = (
				58C69B021ACB748A001817C9 /* MainTextField.swift */,
			);
			name = Controls;
			sourceTree = "<group>";
		};
		58C69B081ACB8A92001817C9 /* Images */ = {
			isa = PBXGroup;
			children = (
				5855875B1AD34BAE003DBA84 /* bkground.png */,
				58CF87751AD21B46005B2896 /* coin.png */,
				58CF87731AD2142A005B2896 /* plus-simple-7.png */,
				58CF876F1AD209B4005B2896 /* settings.png */,
				58CF876B1AD204EB005B2896 /* finishedgames.png */,
				58C69CA61ACB8D84001817C9 /* home.png */,
				58C69CA51ACB8D84001817C9 /* game.png */,
			);
			name = Images;
			sourceTree = "<group>";
		};
/* End PBXGroup section */

/* Begin PBXNativeTarget section */
		5882B2261AA3944E0062F58C /* Brain Twist */ = {
			isa = PBXNativeTarget;
			buildConfigurationList = 5882B24A1AA3944E0062F58C /* Build configuration list for PBXNativeTarget "Brain Twist" */;
			buildPhases = (
				5882B2231AA3944E0062F58C /* Sources */,
				5882B2241AA3944E0062F58C /* Frameworks */,
				5882B2251AA3944E0062F58C /* Resources */,
				58B6C9A11AE0772100CEFF9B /* Run Script */,
			);
			buildRules = (
			);
			dependencies = (
			);
			name = "Brain Twist";
			productName = "Brain Twist";
			productReference = 5882B2271AA3944E0062F58C /* Brain Twist.app */;
			productType = "com.apple.product-type.application";
		};
		5882B23F1AA3944E0062F58C /* Brain TwistTests */ = {
			isa = PBXNativeTarget;
			buildConfigurationList = 5882B24D1AA3944E0062F58C /* Build configuration list for PBXNativeTarget "Brain TwistTests" */;
			buildPhases = (
				5882B23C1AA3944E0062F58C /* Sources */,
				5882B23D1AA3944E0062F58C /* Frameworks */,
				5882B23E1AA3944E0062F58C /* Resources */,
			);
			buildRules = (
			);
			dependencies = (
				5882B2421AA3944E0062F58C /* PBXTargetDependency */,
			);
			name = "Brain TwistTests";
			productName = "Brain TwistTests";
			productReference = 5882B2401AA3944E0062F58C /* Brain TwistTests.xctest */;
			productType = "com.apple.product-type.bundle.unit-test";
		};
/* End PBXNativeTarget section */

/* Begin PBXProject section */
		5882B21F1AA3944E0062F58C /* Project object */ = {
			isa = PBXProject;
			attributes = {
				LastUpgradeCheck = 0610;
				ORGANIZATIONNAME = HalterDev;
				TargetAttributes = {
					5882B2261AA3944E0062F58C = {
						CreatedOnToolsVersion = 6.1.1;
						DevelopmentTeam = F2NVTTUCV9;
					};
					5882B23F1AA3944E0062F58C = {
						CreatedOnToolsVersion = 6.1.1;
						TestTargetID = 5882B2261AA3944E0062F58C;
					};
				};
			};
			buildConfigurationList = 5882B2221AA3944E0062F58C /* Build configuration list for PBXProject "Brain Twist" */;
			compatibilityVersion = "Xcode 3.2";
			developmentRegion = English;
			hasScannedForEncodings = 0;
			knownRegions = (
				en,
				Base,
			);
			mainGroup = 5882B21E1AA3944E0062F58C;
			productRefGroup = 5882B2281AA3944E0062F58C /* Products */;
			projectDirPath = "";
			projectRoot = "";
			targets = (
				5882B2261AA3944E0062F58C /* Brain Twist */,
				5882B23F1AA3944E0062F58C /* Brain TwistTests */,
			);
		};
/* End PBXProject section */

/* Begin PBXResourcesBuildPhase section */
		5882B2251AA3944E0062F58C /* Resources */ = {
			isa = PBXResourcesBuildPhase;
			buildActionMask = 2147483647;
			files = (
				5882B23B1AA3944E0062F58C /* LaunchScreen.xib in Resources */,
				58CF87701AD209B4005B2896 /* settings.png in Resources */,
				58CF87761AD21B46005B2896 /* coin.png in Resources */,
				58C69CA81ACB8D84001817C9 /* home.png in Resources */,
				58CF87741AD2142A005B2896 /* plus-simple-7.png in Resources */,
				58C69CA71ACB8D84001817C9 /* game.png in Resources */,
				58CF876C1AD204EB005B2896 /* finishedgames.png in Resources */,
				5882B2381AA3944E0062F58C /* Images.xcassets in Resources */,
				5882B2361AA3944E0062F58C /* Main.storyboard in Resources */,
				5855875C1AD34BAE003DBA84 /* bkground.png in Resources */,
			);
			runOnlyForDeploymentPostprocessing = 0;
		};
		5882B23E1AA3944E0062F58C /* Resources */ = {
			isa = PBXResourcesBuildPhase;
			buildActionMask = 2147483647;
			files = (
			);
			runOnlyForDeploymentPostprocessing = 0;
		};
/* End PBXResourcesBuildPhase section */

/* Begin PBXShellScriptBuildPhase section */
		58B6C9A11AE0772100CEFF9B /* Run Script */ = {
			isa = PBXShellScriptBuildPhase;
			buildActionMask = 2147483647;
			files = (
			);
			inputPaths = (
			);
			name = "Run Script";
			outputPaths = (
			);
			runOnlyForDeploymentPostprocessing = 0;
			shellPath = /bin/sh;
			shellScript = "FILE=\"${SRCROOT}/HockeySDK-iOS/BuildAgent\"\nif [ -f \"$FILE\" ]; then\n\"$FILE\"\nfi";
		};
/* End PBXShellScriptBuildPhase section */

/* Begin PBXSourcesBuildPhase section */
		5882B2231AA3944E0062F58C /* Sources */ = {
			isa = PBXSourcesBuildPhase;
			buildActionMask = 2147483647;
			files = (
				5882B2541AA398EF0062F58C /* Square.swift in Sources */,
				585344331AAE626D00F41D51 /* UserLogic.swift in Sources */,
				5866CD061AAFD9C000FCD07A /* MainMenuViewController.swift in Sources */,
				5882B2311AA3944E0062F58C /* GameScene.swift in Sources */,
				584110071ABA5AE9003419BB /* RoundLogic.swift in Sources */,
				585ECC991AB11C5C00227AEC /* MyGamesViewController.swift in Sources */,
				58C69B031ACB748A001817C9 /* MainTextField.swift in Sources */,
				585DB18E1ABB95CA00D5F009 /* GameLogic.swift in Sources */,
				5882B2331AA3944E0062F58C /* GameViewController.swift in Sources */,
				5882B25A1AA3BBFD0062F58C /* Constants.swift in Sources */,
				5882B22D1AA3944E0062F58C /* AppDelegate.swift in Sources */,
				58C69B071ACB892B001817C9 /* HomeViewController.swift in Sources */,
				587DAFA91AA7F47D005960FD /* RegisterViewController.swift in Sources */,
				5882B25C1AA407450062F58C /* Round.swift in Sources */,
				5882B2521AA396DC0062F58C /* Game.swift in Sources */,
				58C69B051ACB862D001817C9 /* MyTabBarController.swift in Sources */,
			);
			runOnlyForDeploymentPostprocessing = 0;
		};
		5882B23C1AA3944E0062F58C /* Sources */ = {
			isa = PBXSourcesBuildPhase;
			buildActionMask = 2147483647;
			files = (
				5882B2471AA3944E0062F58C /* Brain_TwistTests.swift in Sources */,
			);
			runOnlyForDeploymentPostprocessing = 0;
		};
/* End PBXSourcesBuildPhase section */

/* Begin PBXTargetDependency section */
		5882B2421AA3944E0062F58C /* PBXTargetDependency */ = {
			isa = PBXTargetDependency;
			target = 5882B2261AA3944E0062F58C /* Brain Twist */;
			targetProxy = 5882B2411AA3944E0062F58C /* PBXContainerItemProxy */;
		};
/* End PBXTargetDependency section */

/* Begin PBXVariantGroup section */
		5882B2341AA3944E0062F58C /* Main.storyboard */ = {
			isa = PBXVariantGroup;
			children = (
				5882B2351AA3944E0062F58C /* Base */,
			);
			name = Main.storyboard;
			sourceTree = "<group>";
		};
		5882B2391AA3944E0062F58C /* LaunchScreen.xib */ = {
			isa = PBXVariantGroup;
			children = (
				5882B23A1AA3944E0062F58C /* Base */,
			);
			name = LaunchScreen.xib;
			sourceTree = "<group>";
		};
/* End PBXVariantGroup section */

/* Begin XCBuildConfiguration section */
		5882B2481AA3944E0062F58C /* Debug */ = {
			isa = XCBuildConfiguration;
			buildSettings = {
				ALWAYS_SEARCH_USER_PATHS = NO;
				CLANG_CXX_LANGUAGE_STANDARD = "gnu++0x";
				CLANG_CXX_LIBRARY = "libc++";
				CLANG_ENABLE_MODULES = YES;
				CLANG_ENABLE_OBJC_ARC = YES;
				CLANG_WARN_BOOL_CONVERSION = YES;
				CLANG_WARN_CONSTANT_CONVERSION = YES;
				CLANG_WARN_DIRECT_OBJC_ISA_USAGE = YES_ERROR;
				CLANG_WARN_EMPTY_BODY = YES;
				CLANG_WARN_ENUM_CONVERSION = YES;
				CLANG_WARN_INT_CONVERSION = YES;
				CLANG_WARN_OBJC_ROOT_CLASS = YES_ERROR;
				CLANG_WARN_UNREACHABLE_CODE = YES;
				CLANG_WARN__DUPLICATE_METHOD_MATCH = YES;
				"CODE_SIGN_IDENTITY[sdk=iphoneos*]" = "iPhone Developer";
				COPY_PHASE_STRIP = NO;
				ENABLE_STRICT_OBJC_MSGSEND = YES;
				GCC_C_LANGUAGE_STANDARD = gnu99;
				GCC_DYNAMIC_NO_PIC = NO;
				GCC_OPTIMIZATION_LEVEL = 0;
				GCC_PREPROCESSOR_DEFINITIONS = (
					"DEBUG=1",
					"$(inherited)",
				);
				GCC_SYMBOLS_PRIVATE_EXTERN = NO;
				GCC_WARN_64_TO_32_BIT_CONVERSION = YES;
				GCC_WARN_ABOUT_RETURN_TYPE = YES_ERROR;
				GCC_WARN_UNDECLARED_SELECTOR = YES;
				GCC_WARN_UNINITIALIZED_AUTOS = YES_AGGRESSIVE;
				GCC_WARN_UNUSED_FUNCTION = YES;
				GCC_WARN_UNUSED_VARIABLE = YES;
				IPHONEOS_DEPLOYMENT_TARGET = 8.0;
				MTL_ENABLE_DEBUG_INFO = YES;
				ONLY_ACTIVE_ARCH = YES;
				SDKROOT = iphoneos;
				SWIFT_OPTIMIZATION_LEVEL = "-Onone";
				TARGETED_DEVICE_FAMILY = "1,2";
			};
			name = Debug;
		};
		5882B2491AA3944E0062F58C /* Release */ = {
			isa = XCBuildConfiguration;
			buildSettings = {
				ALWAYS_SEARCH_USER_PATHS = NO;
				CLANG_CXX_LANGUAGE_STANDARD = "gnu++0x";
				CLANG_CXX_LIBRARY = "libc++";
				CLANG_ENABLE_MODULES = YES;
				CLANG_ENABLE_OBJC_ARC = YES;
				CLANG_WARN_BOOL_CONVERSION = YES;
				CLANG_WARN_CONSTANT_CONVERSION = YES;
				CLANG_WARN_DIRECT_OBJC_ISA_USAGE = YES_ERROR;
				CLANG_WARN_EMPTY_BODY = YES;
				CLANG_WARN_ENUM_CONVERSION = YES;
				CLANG_WARN_INT_CONVERSION = YES;
				CLANG_WARN_OBJC_ROOT_CLASS = YES_ERROR;
				CLANG_WARN_UNREACHABLE_CODE = YES;
				CLANG_WARN__DUPLICATE_METHOD_MATCH = YES;
				"CODE_SIGN_IDENTITY[sdk=iphoneos*]" = "iPhone Developer";
				COPY_PHASE_STRIP = YES;
				ENABLE_NS_ASSERTIONS = NO;
				ENABLE_STRICT_OBJC_MSGSEND = YES;
				GCC_C_LANGUAGE_STANDARD = gnu99;
				GCC_WARN_64_TO_32_BIT_CONVERSION = YES;
				GCC_WARN_ABOUT_RETURN_TYPE = YES_ERROR;
				GCC_WARN_UNDECLARED_SELECTOR = YES;
				GCC_WARN_UNINITIALIZED_AUTOS = YES_AGGRESSIVE;
				GCC_WARN_UNUSED_FUNCTION = YES;
				GCC_WARN_UNUSED_VARIABLE = YES;
				IPHONEOS_DEPLOYMENT_TARGET = 8.0;
				MTL_ENABLE_DEBUG_INFO = NO;
				SDKROOT = iphoneos;
				TARGETED_DEVICE_FAMILY = "1,2";
				VALIDATE_PRODUCT = YES;
			};
			name = Release;
		};
		5882B24B1AA3944E0062F58C /* Debug */ = {
			isa = XCBuildConfiguration;
			buildSettings = {
				ASSETCATALOG_COMPILER_APPICON_NAME = AppIcon;
				CLANG_ENABLE_MODULES = YES;
				CODE_SIGN_IDENTITY = "iPhone Distribution: James Halter (F2NVTTUCV9)";
				"CODE_SIGN_IDENTITY[sdk=iphoneos*]" = "iPhone Distribution: James Halter (F2NVTTUCV9)";
				FRAMEWORK_SEARCH_PATHS = (
					"$(inherited)",
					"$(PROJECT_DIR)",
					"$(PROJECT_DIR)/HockeySDK-iOS/HockeySDK.embeddedframework",
				);
				INFOPLIST_FILE = "Brain Twist/Info.plist";
				IPHONEOS_DEPLOYMENT_TARGET = 8.0;
				LD_RUNPATH_SEARCH_PATHS = "$(inherited) @executable_path/Frameworks";
				LIBRARY_SEARCH_PATHS = (
					"$(inherited)",
					"$(PROJECT_DIR)/applovin-ios-sdk-2",
				);
				OTHER_LDFLAGS = "-ObjC";
				PRODUCT_NAME = "$(TARGET_NAME)";
				PROVISIONING_PROFILE = "71b84fdb-e956-43f2-b83e-47c6decfc764";
				SWIFT_OBJC_BRIDGING_HEADER = "Brain Twist/Brain Twist-Bridging-Header.h";
				SWIFT_OPTIMIZATION_LEVEL = "-Onone";
			};
			name = Debug;
		};
		5882B24C1AA3944E0062F58C /* Release */ = {
			isa = XCBuildConfiguration;
			buildSettings = {
				ASSETCATALOG_COMPILER_APPICON_NAME = AppIcon;
				CLANG_ENABLE_MODULES = YES;
				CODE_SIGN_IDENTITY = "iPhone Distribution: James Halter (F2NVTTUCV9)";
				"CODE_SIGN_IDENTITY[sdk=iphoneos*]" = "iPhone Distribution: James Halter (F2NVTTUCV9)";
				FRAMEWORK_SEARCH_PATHS = (
					"$(inherited)",
					"$(PROJECT_DIR)",
					"$(PROJECT_DIR)/HockeySDK-iOS/HockeySDK.embeddedframework",
				);
				INFOPLIST_FILE = "Brain Twist/Info.plist";
				IPHONEOS_DEPLOYMENT_TARGET = 8.0;
				LD_RUNPATH_SEARCH_PATHS = "$(inherited) @executable_path/Frameworks";
				LIBRARY_SEARCH_PATHS = (
					"$(inherited)",
					"$(PROJECT_DIR)/applovin-ios-sdk-2",
				);
				OTHER_LDFLAGS = "-ObjC";
				PRODUCT_NAME = "$(TARGET_NAME)";
				PROVISIONING_PROFILE = "71b84fdb-e956-43f2-b83e-47c6decfc764";
				SWIFT_OBJC_BRIDGING_HEADER = "Brain Twist/Brain Twist-Bridging-Header.h";
			};
			name = Release;
		};
		5882B24E1AA3944E0062F58C /* Debug */ = {
			isa = XCBuildConfiguration;
			buildSettings = {
				BUNDLE_LOADER = "$(TEST_HOST)";
				FRAMEWORK_SEARCH_PATHS = (
					"$(SDKROOT)/Developer/Library/Frameworks",
					"$(inherited)",
				);
				GCC_PREPROCESSOR_DEFINITIONS = (
					"DEBUG=1",
					"$(inherited)",
				);
				INFOPLIST_FILE = "Brain TwistTests/Info.plist";
				LD_RUNPATH_SEARCH_PATHS = "$(inherited) @executable_path/Frameworks @loader_path/Frameworks";
				PRODUCT_NAME = "$(TARGET_NAME)";
				TEST_HOST = "$(BUILT_PRODUCTS_DIR)/Brain Twist.app/Brain Twist";
			};
			name = Debug;
		};
		5882B24F1AA3944E0062F58C /* Release */ = {
			isa = XCBuildConfiguration;
			buildSettings = {
				BUNDLE_LOADER = "$(TEST_HOST)";
				FRAMEWORK_SEARCH_PATHS = (
					"$(SDKROOT)/Developer/Library/Frameworks",
					"$(inherited)",
				);
				INFOPLIST_FILE = "Brain TwistTests/Info.plist";
				LD_RUNPATH_SEARCH_PATHS = "$(inherited) @executable_path/Frameworks @loader_path/Frameworks";
				PRODUCT_NAME = "$(TARGET_NAME)";
				TEST_HOST = "$(BUILT_PRODUCTS_DIR)/Brain Twist.app/Brain Twist";
			};
			name = Release;
		};
/* End XCBuildConfiguration section */

/* Begin XCConfigurationList section */
		5882B2221AA3944E0062F58C /* Build configuration list for PBXProject "Brain Twist" */ = {
			isa = XCConfigurationList;
			buildConfigurations = (
				5882B2481AA3944E0062F58C /* Debug */,
				5882B2491AA3944E0062F58C /* Release */,
			);
			defaultConfigurationIsVisible = 0;
			defaultConfigurationName = Release;
		};
		5882B24A1AA3944E0062F58C /* Build configuration list for PBXNativeTarget "Brain Twist" */ = {
			isa = XCConfigurationList;
			buildConfigurations = (
				5882B24B1AA3944E0062F58C /* Debug */,
				5882B24C1AA3944E0062F58C /* Release */,
			);
			defaultConfigurationIsVisible = 0;
			defaultConfigurationName = Release;
		};
		5882B24D1AA3944E0062F58C /* Build configuration list for PBXNativeTarget "Brain TwistTests" */ = {
			isa = XCConfigurationList;
			buildConfigurations = (
				5882B24E1AA3944E0062F58C /* Debug */,
				5882B24F1AA3944E0062F58C /* Release */,
			);
			defaultConfigurationIsVisible = 0;
			defaultConfigurationName = Release;
		};
/* End XCConfigurationList section */
	};
	rootObject = 5882B21F1AA3944E0062F58C /* Project object */;
}
